// !$*UTF8*$!
{
	archiveVersion = 1;
	classes = {
	};
	objectVersion = 48;
	objects = {

/* Begin PBXBuildFile section */
		6F02BD6C20982562004B181C /* TeamsTableViewCell.xib in Resources */ = {isa = PBXBuildFile; fileRef = 6F02BD6B20982562004B181C /* TeamsTableViewCell.xib */; };
		6F4E4A0F2098721900E17841 /* TeamDetailViewController.swift in Sources */ = {isa = PBXBuildFile; fileRef = 6F4E4A0E2098721900E17841 /* TeamDetailViewController.swift */; };
		6F4E4A16209874D100E17841 /* MatchTableViewCell.swift in Sources */ = {isa = PBXBuildFile; fileRef = 6F4E4A14209874D100E17841 /* MatchTableViewCell.swift */; };
		6F4E4A17209874D100E17841 /* MatchTableViewCell.xib in Resources */ = {isa = PBXBuildFile; fileRef = 6F4E4A15209874D100E17841 /* MatchTableViewCell.xib */; };
		6F57C933208FF8A800640680 /* AppDelegate.swift in Sources */ = {isa = PBXBuildFile; fileRef = 6F57C932208FF8A800640680 /* AppDelegate.swift */; };
		6F57C935208FF8A800640680 /* TeamsViewController.swift in Sources */ = {isa = PBXBuildFile; fileRef = 6F57C934208FF8A800640680 /* TeamsViewController.swift */; };
		6F57C938208FF8A800640680 /* Main.storyboard in Resources */ = {isa = PBXBuildFile; fileRef = 6F57C936208FF8A800640680 /* Main.storyboard */; };
		6F57C93A208FF8A800640680 /* Assets.xcassets in Resources */ = {isa = PBXBuildFile; fileRef = 6F57C939208FF8A800640680 /* Assets.xcassets */; };
		6F57C93D208FF8A800640680 /* LaunchScreen.storyboard in Resources */ = {isa = PBXBuildFile; fileRef = 6F57C93B208FF8A800640680 /* LaunchScreen.storyboard */; };
		6F57C945208FF8F300640680 /* Team.swift in Sources */ = {isa = PBXBuildFile; fileRef = 6F57C944208FF8F300640680 /* Team.swift */; };
		6F57C94820907EAE00640680 /* GoogleService-Info.plist in Resources */ = {isa = PBXBuildFile; fileRef = 6F57C94720907EAE00640680 /* GoogleService-Info.plist */; };
		6F9086FF2090969D0036AE97 /* Match.swift in Sources */ = {isa = PBXBuildFile; fileRef = 6F9086FE2090969D0036AE97 /* Match.swift */; };
		6FCF1FF72097DCB20089092E /* Constants.swift in Sources */ = {isa = PBXBuildFile; fileRef = 6FCF1FF62097DCB20089092E /* Constants.swift */; };
		6FCF1FFA2097E6150089092E /* TeamsTableViewCell.swift in Sources */ = {isa = PBXBuildFile; fileRef = 6FCF1FF92097E6150089092E /* TeamsTableViewCell.swift */; };
		E52BE9991FBCF42E9FCD9D9B /* Pods_Euro_2016.framework in Frameworks */ = {isa = PBXBuildFile; fileRef = 2C023F5E3EF49E3D2B50E7B1 /* Pods_Euro_2016.framework */; };
/* End PBXBuildFile section */

/* Begin PBXFileReference section */
		2C023F5E3EF49E3D2B50E7B1 /* Pods_Euro_2016.framework */ = {isa = PBXFileReference; explicitFileType = wrapper.framework; includeInIndex = 0; path = Pods_Euro_2016.framework; sourceTree = BUILT_PRODUCTS_DIR; };
		3D6BFD6B2383DE2FEE94897E /* Pods-Euro 2016.release.xcconfig */ = {isa = PBXFileReference; includeInIndex = 1; lastKnownFileType = text.xcconfig; name = "Pods-Euro 2016.release.xcconfig"; path = "Pods/Target Support Files/Pods-Euro 2016/Pods-Euro 2016.release.xcconfig"; sourceTree = "<group>"; };
		6F02BD6B20982562004B181C /* TeamsTableViewCell.xib */ = {isa = PBXFileReference; lastKnownFileType = file.xib; path = TeamsTableViewCell.xib; sourceTree = "<group>"; };
		6F4E4A0E2098721900E17841 /* TeamDetailViewController.swift */ = {isa = PBXFileReference; lastKnownFileType = sourcecode.swift; path = TeamDetailViewController.swift; sourceTree = "<group>"; };
		6F4E4A14209874D100E17841 /* MatchTableViewCell.swift */ = {isa = PBXFileReference; lastKnownFileType = sourcecode.swift; path = MatchTableViewCell.swift; sourceTree = "<group>"; };
		6F4E4A15209874D100E17841 /* MatchTableViewCell.xib */ = {isa = PBXFileReference; lastKnownFileType = file.xib; path = MatchTableViewCell.xib; sourceTree = "<group>"; };
		6F57C92F208FF8A800640680 /* Euro 2016.app */ = {isa = PBXFileReference; explicitFileType = wrapper.application; includeInIndex = 0; path = "Euro 2016.app"; sourceTree = BUILT_PRODUCTS_DIR; };
		6F57C932208FF8A800640680 /* AppDelegate.swift */ = {isa = PBXFileReference; lastKnownFileType = sourcecode.swift; path = AppDelegate.swift; sourceTree = "<group>"; };
		6F57C934208FF8A800640680 /* TeamsViewController.swift */ = {isa = PBXFileReference; lastKnownFileType = sourcecode.swift; path = TeamsViewController.swift; sourceTree = "<group>"; };
		6F57C937208FF8A800640680 /* Base */ = {isa = PBXFileReference; lastKnownFileType = file.storyboard; name = Base; path = Base.lproj/Main.storyboard; sourceTree = "<group>"; };
		6F57C939208FF8A800640680 /* Assets.xcassets */ = {isa = PBXFileReference; lastKnownFileType = folder.assetcatalog; path = Assets.xcassets; sourceTree = "<group>"; };
		6F57C93C208FF8A800640680 /* Base */ = {isa = PBXFileReference; lastKnownFileType = file.storyboard; name = Base; path = Base.lproj/LaunchScreen.storyboard; sourceTree = "<group>"; };
		6F57C93E208FF8A800640680 /* Info.plist */ = {isa = PBXFileReference; lastKnownFileType = text.plist.xml; path = Info.plist; sourceTree = "<group>"; };
		6F57C944208FF8F300640680 /* Team.swift */ = {isa = PBXFileReference; lastKnownFileType = sourcecode.swift; path = Team.swift; sourceTree = "<group>"; };
		6F57C94720907EAE00640680 /* GoogleService-Info.plist */ = {isa = PBXFileReference; fileEncoding = 4; lastKnownFileType = text.plist.xml; path = "GoogleService-Info.plist"; sourceTree = "<group>"; };
		6F9086FE2090969D0036AE97 /* Match.swift */ = {isa = PBXFileReference; lastKnownFileType = sourcecode.swift; path = Match.swift; sourceTree = "<group>"; };
		6FCF1FF62097DCB20089092E /* Constants.swift */ = {isa = PBXFileReference; lastKnownFileType = sourcecode.swift; path = Constants.swift; sourceTree = "<group>"; };
		6FCF1FF92097E6150089092E /* TeamsTableViewCell.swift */ = {isa = PBXFileReference; lastKnownFileType = sourcecode.swift; path = TeamsTableViewCell.swift; sourceTree = "<group>"; };
		A4D9BEA7A6CF1C0A6F6C5D28 /* Pods-Euro 2016.debug.xcconfig */ = {isa = PBXFileReference; includeInIndex = 1; lastKnownFileType = text.xcconfig; name = "Pods-Euro 2016.debug.xcconfig"; path = "Pods/Target Support Files/Pods-Euro 2016/Pods-Euro 2016.debug.xcconfig"; sourceTree = "<group>"; };
/* End PBXFileReference section */

/* Begin PBXFrameworksBuildPhase section */
		6F57C92C208FF8A800640680 /* Frameworks */ = {
			isa = PBXFrameworksBuildPhase;
			buildActionMask = 2147483647;
			files = (
				E52BE9991FBCF42E9FCD9D9B /* Pods_Euro_2016.framework in Frameworks */,
			);
			runOnlyForDeploymentPostprocessing = 0;
		};
/* End PBXFrameworksBuildPhase section */

/* Begin PBXGroup section */
		6F57C926208FF8A800640680 = {
			isa = PBXGroup;
			children = (
				6F57C931208FF8A800640680 /* Euro 2016 */,
				6F57C930208FF8A800640680 /* Products */,
				FD35FD8EF1055EC684ACFC50 /* Pods */,
				77F21374D114BCBF0B4E811A /* Frameworks */,
			);
			sourceTree = "<group>";
		};
		6F57C930208FF8A800640680 /* Products */ = {
			isa = PBXGroup;
			children = (
				6F57C92F208FF8A800640680 /* Euro 2016.app */,
			);
			name = Products;
			sourceTree = "<group>";
		};
		6F57C931208FF8A800640680 /* Euro 2016 */ = {
			isa = PBXGroup;
			children = (
				6FCF1FF82097E5D30089092E /* Cell */,
				6F9086FD2090965E0036AE97 /* Models */,
				6F57C94620905BD100640680 /* Controllers */,
				6F57C932208FF8A800640680 /* AppDelegate.swift */,
				6F57C94720907EAE00640680 /* GoogleService-Info.plist */,
				6F57C936208FF8A800640680 /* Main.storyboard */,
				6F57C939208FF8A800640680 /* Assets.xcassets */,
				6F57C93B208FF8A800640680 /* LaunchScreen.storyboard */,
				6F57C93E208FF8A800640680 /* Info.plist */,
			);
			path = "Euro 2016";
			sourceTree = "<group>";
		};
		6F57C94620905BD100640680 /* Controllers */ = {
			isa = PBXGroup;
			children = (
				6F57C934208FF8A800640680 /* TeamsViewController.swift */,
				6F4E4A0E2098721900E17841 /* TeamDetailViewController.swift */,
			);
			path = Controllers;
			sourceTree = "<group>";
		};
		6F9086FD2090965E0036AE97 /* Models */ = {
			isa = PBXGroup;
			children = (
				6F57C944208FF8F300640680 /* Team.swift */,
				6F9086FE2090969D0036AE97 /* Match.swift */,
				6FCF1FF62097DCB20089092E /* Constants.swift */,
			);
			path = Models;
			sourceTree = "<group>";
		};
		6FCF1FF82097E5D30089092E /* Cell */ = {
			isa = PBXGroup;
			children = (
				6FCF1FF92097E6150089092E /* TeamsTableViewCell.swift */,
				6F02BD6B20982562004B181C /* TeamsTableViewCell.xib */,
				6F4E4A14209874D100E17841 /* MatchTableViewCell.swift */,
				6F4E4A15209874D100E17841 /* MatchTableViewCell.xib */,
			);
			path = Cell;
			sourceTree = "<group>";
		};
		77F21374D114BCBF0B4E811A /* Frameworks */ = {
			isa = PBXGroup;
			children = (
				2C023F5E3EF49E3D2B50E7B1 /* Pods_Euro_2016.framework */,
			);
			name = Frameworks;
			sourceTree = "<group>";
		};
		FD35FD8EF1055EC684ACFC50 /* Pods */ = {
			isa = PBXGroup;
			children = (
				A4D9BEA7A6CF1C0A6F6C5D28 /* Pods-Euro 2016.debug.xcconfig */,
				3D6BFD6B2383DE2FEE94897E /* Pods-Euro 2016.release.xcconfig */,
			);
			name = Pods;
			sourceTree = "<group>";
		};
/* End PBXGroup section */

/* Begin PBXNativeTarget section */
		6F57C92E208FF8A800640680 /* Euro 2016 */ = {
			isa = PBXNativeTarget;
			buildConfigurationList = 6F57C941208FF8A800640680 /* Build configuration list for PBXNativeTarget "Euro 2016" */;
			buildPhases = (
				ABA8592E68146A7B454A71EB /* [CP] Check Pods Manifest.lock */,
				6F57C92B208FF8A800640680 /* Sources */,
				6F57C92C208FF8A800640680 /* Frameworks */,
				6F57C92D208FF8A800640680 /* Resources */,
				61F5369E174AE86A52080473 /* [CP] Embed Pods Frameworks */,
				52F0CF9FF99649AB77DABA22 /* [CP] Copy Pods Resources */,
			);
			buildRules = (
			);
			dependencies = (
			);
			name = "Euro 2016";
			productName = "Euro 2016";
			productReference = 6F57C92F208FF8A800640680 /* Euro 2016.app */;
			productType = "com.apple.product-type.application";
		};
/* End PBXNativeTarget section */

/* Begin PBXProject section */
		6F57C927208FF8A800640680 /* Project object */ = {
			isa = PBXProject;
			attributes = {
				LastSwiftUpdateCheck = 0920;
				LastUpgradeCheck = 0920;
				ORGANIZATIONNAME = lhvan;
				TargetAttributes = {
					6F57C92E208FF8A800640680 = {
						CreatedOnToolsVersion = 9.2;
						ProvisioningStyle = Automatic;
					};
				};
			};
			buildConfigurationList = 6F57C92A208FF8A800640680 /* Build configuration list for PBXProject "Euro 2016" */;
			compatibilityVersion = "Xcode 8.0";
			developmentRegion = en;
			hasScannedForEncodings = 0;
			knownRegions = (
				en,
				Base,
			);
			mainGroup = 6F57C926208FF8A800640680;
			productRefGroup = 6F57C930208FF8A800640680 /* Products */;
			projectDirPath = "";
			projectRoot = "";
			targets = (
				6F57C92E208FF8A800640680 /* Euro 2016 */,
			);
		};
/* End PBXProject section */

/* Begin PBXResourcesBuildPhase section */
		6F57C92D208FF8A800640680 /* Resources */ = {
			isa = PBXResourcesBuildPhase;
			buildActionMask = 2147483647;
			files = (
				6F57C93D208FF8A800640680 /* LaunchScreen.storyboard in Resources */,
				6F57C94820907EAE00640680 /* GoogleService-Info.plist in Resources */,
				6F57C93A208FF8A800640680 /* Assets.xcassets in Resources */,
				6F02BD6C20982562004B181C /* TeamsTableViewCell.xib in Resources */,
				6F57C938208FF8A800640680 /* Main.storyboard in Resources */,
				6F4E4A17209874D100E17841 /* MatchTableViewCell.xib in Resources */,
			);
			runOnlyForDeploymentPostprocessing = 0;
		};
/* End PBXResourcesBuildPhase section */

/* Begin PBXShellScriptBuildPhase section */
		52F0CF9FF99649AB77DABA22 /* [CP] Copy Pods Resources */ = {
			isa = PBXShellScriptBuildPhase;
			buildActionMask = 2147483647;
			files = (
			);
			inputPaths = (
			);
			name = "[CP] Copy Pods Resources";
			outputPaths = (
			);
			runOnlyForDeploymentPostprocessing = 0;
			shellPath = /bin/sh;
			shellScript = "\"${SRCROOT}/Pods/Target Support Files/Pods-Euro 2016/Pods-Euro 2016-resources.sh\"\n";
			showEnvVarsInLog = 0;
		};
		61F5369E174AE86A52080473 /* [CP] Embed Pods Frameworks */ = {
			isa = PBXShellScriptBuildPhase;
			buildActionMask = 2147483647;
			files = (
			);
			inputPaths = (
				"${SRCROOT}/Pods/Target Support Files/Pods-Euro 2016/Pods-Euro 2016-frameworks.sh",
				"${BUILT_PRODUCTS_DIR}/GoogleToolboxForMac/GoogleToolboxForMac.framework",
				"${BUILT_PRODUCTS_DIR}/leveldb-library/leveldb.framework",
				"${BUILT_PRODUCTS_DIR}/nanopb/nanopb.framework",
			);
			name = "[CP] Embed Pods Frameworks";
			outputPaths = (
				"${TARGET_BUILD_DIR}/${FRAMEWORKS_FOLDER_PATH}/GoogleToolboxForMac.framework",
				"${TARGET_BUILD_DIR}/${FRAMEWORKS_FOLDER_PATH}/leveldb.framework",
				"${TARGET_BUILD_DIR}/${FRAMEWORKS_FOLDER_PATH}/nanopb.framework",
			);
			runOnlyForDeploymentPostprocessing = 0;
			shellPath = /bin/sh;
			shellScript = "\"${SRCROOT}/Pods/Target Support Files/Pods-Euro 2016/Pods-Euro 2016-frameworks.sh\"\n";
			showEnvVarsInLog = 0;
		};
		ABA8592E68146A7B454A71EB /* [CP] Check Pods Manifest.lock */ = {
			isa = PBXShellScriptBuildPhase;
			buildActionMask = 2147483647;
			files = (
			);
			inputPaths = (
				"${PODS_PODFILE_DIR_PATH}/Podfile.lock",
				"${PODS_ROOT}/Manifest.lock",
			);
			name = "[CP] Check Pods Manifest.lock";
			outputPaths = (
				"$(DERIVED_FILE_DIR)/Pods-Euro 2016-checkManifestLockResult.txt",
			);
			runOnlyForDeploymentPostprocessing = 0;
			shellPath = /bin/sh;
			shellScript = "diff \"${PODS_PODFILE_DIR_PATH}/Podfile.lock\" \"${PODS_ROOT}/Manifest.lock\" > /dev/null\nif [ $? != 0 ] ; then\n    # print error to STDERR\n    echo \"error: The sandbox is not in sync with the Podfile.lock. Run 'pod install' or update your CocoaPods installation.\" >&2\n    exit 1\nfi\n# This output is used by Xcode 'outputs' to avoid re-running this script phase.\necho \"SUCCESS\" > \"${SCRIPT_OUTPUT_FILE_0}\"\n";
			showEnvVarsInLog = 0;
		};
/* End PBXShellScriptBuildPhase section */

/* Begin PBXSourcesBuildPhase section */
		6F57C92B208FF8A800640680 /* Sources */ = {
			isa = PBXSourcesBuildPhase;
			buildActionMask = 2147483647;
			files = (
				6F57C945208FF8F300640680 /* Team.swift in Sources */,
				6F57C935208FF8A800640680 /* TeamsViewController.swift in Sources */,
				6F4E4A0F2098721900E17841 /* TeamDetailViewController.swift in Sources */,
				6F4E4A16209874D100E17841 /* MatchTableViewCell.swift in Sources */,
				6F57C933208FF8A800640680 /* AppDelegate.swift in Sources */,
				6FCF1FFA2097E6150089092E /* TeamsTableViewCell.swift in Sources */,
				6F9086FF2090969D0036AE97 /* Match.swift in Sources */,
				6FCF1FF72097DCB20089092E /* Constants.swift in Sources */,
			);
			runOnlyForDeploymentPostprocessing = 0;
		};
/* End PBXSourcesBuildPhase section */

/* Begin PBXVariantGroup section */
		6F57C936208FF8A800640680 /* Main.storyboard */ = {
			isa = PBXVariantGroup;
			children = (
				6F57C937208FF8A800640680 /* Base */,
			);
			name = Main.storyboard;
			sourceTree = "<group>";
		};
		6F57C93B208FF8A800640680 /* LaunchScreen.storyboard */ = {
			isa = PBXVariantGroup;
			children = (
				6F57C93C208FF8A800640680 /* Base */,
			);
			name = LaunchScreen.storyboard;
			sourceTree = "<group>";
		};
/* End PBXVariantGroup section */

/* Begin XCBuildConfiguration section */
		6F57C93F208FF8A800640680 /* Debug */ = {
			isa = XCBuildConfiguration;
			buildSettings = {
				ALWAYS_SEARCH_USER_PATHS = NO;
				CLANG_ANALYZER_NONNULL = YES;
				CLANG_ANALYZER_NUMBER_OBJECT_CONVERSION = YES_AGGRESSIVE;
				CLANG_CXX_LANGUAGE_STANDARD = "gnu++14";
				CLANG_CXX_LIBRARY = "libc++";
				CLANG_ENABLE_MODULES = YES;
				CLANG_ENABLE_OBJC_ARC = YES;
				CLANG_WARN_BLOCK_CAPTURE_AUTORELEASING = YES;
				CLANG_WARN_BOOL_CONVERSION = YES;
				CLANG_WARN_COMMA = YES;
				CLANG_WARN_CONSTANT_CONVERSION = YES;
				CLANG_WARN_DIRECT_OBJC_ISA_USAGE = YES_ERROR;
				CLANG_WARN_DOCUMENTATION_COMMENTS = YES;
				CLANG_WARN_EMPTY_BODY = YES;
				CLANG_WARN_ENUM_CONVERSION = YES;
				CLANG_WARN_INFINITE_RECURSION = YES;
				CLANG_WARN_INT_CONVERSION = YES;
				CLANG_WARN_NON_LITERAL_NULL_CONVERSION = YES;
				CLANG_WARN_OBJC_LITERAL_CONVERSION = YES;
				CLANG_WARN_OBJC_ROOT_CLASS = YES_ERROR;
				CLANG_WARN_RANGE_LOOP_ANALYSIS = YES;
				CLANG_WARN_STRICT_PROTOTYPES = YES;
				CLANG_WARN_SUSPICIOUS_MOVE = YES;
				CLANG_WARN_UNGUARDED_AVAILABILITY = YES_AGGRESSIVE;
				CLANG_WARN_UNREACHABLE_CODE = YES;
				CLANG_WARN__DUPLICATE_METHOD_MATCH = YES;
				CODE_SIGN_IDENTITY = "iPhone Developer";
				COPY_PHASE_STRIP = NO;
				DEBUG_INFORMATION_FORMAT = dwarf;
				ENABLE_STRICT_OBJC_MSGSEND = YES;
				ENABLE_TESTABILITY = YES;
				GCC_C_LANGUAGE_STANDARD = gnu11;
				GCC_DYNAMIC_NO_PIC = NO;
				GCC_NO_COMMON_BLOCKS = YES;
				GCC_OPTIMIZATION_LEVEL = 0;
				GCC_PREPROCESSOR_DEFINITIONS = (
					"DEBUG=1",
					"$(inherited)",
				);
				GCC_WARN_64_TO_32_BIT_CONVERSION = YES;
				GCC_WARN_ABOUT_RETURN_TYPE = YES_ERROR;
				GCC_WARN_UNDECLARED_SELECTOR = YES;
				GCC_WARN_UNINITIALIZED_AUTOS = YES_AGGRESSIVE;
				GCC_WARN_UNUSED_FUNCTION = YES;
				GCC_WARN_UNUSED_VARIABLE = YES;
				IPHONEOS_DEPLOYMENT_TARGET = 11.2;
				MTL_ENABLE_DEBUG_INFO = YES;
				ONLY_ACTIVE_ARCH = YES;
				SDKROOT = iphoneos;
				SWIFT_ACTIVE_COMPILATION_CONDITIONS = DEBUG;
				SWIFT_OPTIMIZATION_LEVEL = "-Onone";
			};
			name = Debug;
		};
		6F57C940208FF8A800640680 /* Release */ = {
			isa = XCBuildConfiguration;
			buildSettings = {
				ALWAYS_SEARCH_USER_PATHS = NO;
				CLANG_ANALYZER_NONNULL = YES;
				CLANG_ANALYZER_NUMBER_OBJECT_CONVERSION = YES_AGGRESSIVE;
				CLANG_CXX_LANGUAGE_STANDARD = "gnu++14";
				CLANG_CXX_LIBRARY = "libc++";
				CLANG_ENABLE_MODULES = YES;
				CLANG_ENABLE_OBJC_ARC = YES;
				CLANG_WARN_BLOCK_CAPTURE_AUTORELEASING = YES;
				CLANG_WARN_BOOL_CONVERSION = YES;
				CLANG_WARN_COMMA = YES;
				CLANG_WARN_CONSTANT_CONVERSION = YES;
				CLANG_WARN_DIRECT_OBJC_ISA_USAGE = YES_ERROR;
				CLANG_WARN_DOCUMENTATION_COMMENTS = YES;
				CLANG_WARN_EMPTY_BODY = YES;
				CLANG_WARN_ENUM_CONVERSION = YES;
				CLANG_WARN_INFINITE_RECURSION = YES;
				CLANG_WARN_INT_CONVERSION = YES;
				CLANG_WARN_NON_LITERAL_NULL_CONVERSION = YES;
				CLANG_WARN_OBJC_LITERAL_CONVERSION = YES;
				CLANG_WARN_OBJC_ROOT_CLASS = YES_ERROR;
				CLANG_WARN_RANGE_LOOP_ANALYSIS = YES;
				CLANG_WARN_STRICT_PROTOTYPES = YES;
				CLANG_WARN_SUSPICIOUS_MOVE = YES;
				CLANG_WARN_UNGUARDED_AVAILABILITY = YES_AGGRESSIVE;
				CLANG_WARN_UNREACHABLE_CODE = YES;
				CLANG_WARN__DUPLICATE_METHOD_MATCH = YES;
				CODE_SIGN_IDENTITY = "iPhone Developer";
				COPY_PHASE_STRIP = NO;
				DEBUG_INFORMATION_FORMAT = "dwarf-with-dsym";
				ENABLE_NS_ASSERTIONS = NO;
				ENABLE_STRICT_OBJC_MSGSEND = YES;
				GCC_C_LANGUAGE_STANDARD = gnu11;
				GCC_NO_COMMON_BLOCKS = YES;
				GCC_WARN_64_TO_32_BIT_CONVERSION = YES;
				GCC_WARN_ABOUT_RETURN_TYPE = YES_ERROR;
				GCC_WARN_UNDECLARED_SELECTOR = YES;
				GCC_WARN_UNINITIALIZED_AUTOS = YES_AGGRESSIVE;
				GCC_WARN_UNUSED_FUNCTION = YES;
				GCC_WARN_UNUSED_VARIABLE = YES;
				IPHONEOS_DEPLOYMENT_TARGET = 11.2;
				MTL_ENABLE_DEBUG_INFO = NO;
				SDKROOT = iphoneos;
				SWIFT_OPTIMIZATION_LEVEL = "-Owholemodule";
				VALIDATE_PRODUCT = YES;
			};
			name = Release;
		};
		6F57C942208FF8A800640680 /* Debug */ = {
			isa = XCBuildConfiguration;
			baseConfigurationReference = A4D9BEA7A6CF1C0A6F6C5D28 /* Pods-Euro 2016.debug.xcconfig */;
			buildSettings = {
				ASSETCATALOG_COMPILER_APPICON_NAME = AppIcon;
				CODE_SIGN_STYLE = Automatic;
				DEVELOPMENT_TEAM = EWV6ACNJ7K;
				INFOPLIST_FILE = "Euro 2016/Info.plist";
				LD_RUNPATH_SEARCH_PATHS = "$(inherited) @executable_path/Frameworks";
				PRODUCT_BUNDLE_IDENTIFIER = "com.lhvan.Euro-2016";
				PRODUCT_NAME = "$(TARGET_NAME)";
				SWIFT_VERSION = 4.0;
				TARGETED_DEVICE_FAMILY = "1,2";
			};
			name = Debug;
		};
		6F57C943208FF8A800640680 /* Release */ = {
			isa = XCBuildConfiguration;
			baseConfigurationReference = 3D6BFD6B2383DE2FEE94897E /* Pods-Euro 2016.release.xcconfig */;
			buildSettings = {
				ASSETCATALOG_COMPILER_APPICON_NAME = AppIcon;
				CODE_SIGN_STYLE = Automatic;
				DEVELOPMENT_TEAM = EWV6ACNJ7K;
				INFOPLIST_FILE = "Euro 2016/Info.plist";
				LD_RUNPATH_SEARCH_PATHS = "$(inherited) @executable_path/Frameworks";
				PRODUCT_BUNDLE_IDENTIFIER = "com.lhvan.Euro-2016";
				PRODUCT_NAME = "$(TARGET_NAME)";
				SWIFT_VERSION = 4.0;
				TARGETED_DEVICE_FAMILY = "1,2";
			};
			name = Release;
		};
/* End XCBuildConfiguration section */

/* Begin XCConfigurationList section */
		6F57C92A208FF8A800640680 /* Build configuration list for PBXProject "Euro 2016" */ = {
			isa = XCConfigurationList;
			buildConfigurations = (
				6F57C93F208FF8A800640680 /* Debug */,
				6F57C940208FF8A800640680 /* Release */,
			);
			defaultConfigurationIsVisible = 0;
			defaultConfigurationName = Release;
		};
		6F57C941208FF8A800640680 /* Build configuration list for PBXNativeTarget "Euro 2016" */ = {
			isa = XCConfigurationList;
			buildConfigurations = (
				6F57C942208FF8A800640680 /* Debug */,
				6F57C943208FF8A800640680 /* Release */,
			);
			defaultConfigurationIsVisible = 0;
			defaultConfigurationName = Release;
		};
/* End XCConfigurationList section */
	};
	rootObject = 6F57C927208FF8A800640680 /* Project object */;
}
